// !$*UTF8*$!
{
	archiveVersion = 1;
	classes = {
	};
	objectVersion = 56;
	objects = {

/* Begin PBXBuildFile section */
		1328C2E32BD6925E003C4B3A /* draw.cpp in Sources */ = {isa = PBXBuildFile; fileRef = 1328C2E12BD6925E003C4B3A /* draw.cpp */; };
		1328C2E62BD6927C003C4B3A /* fxCG.cpp in Sources */ = {isa = PBXBuildFile; fileRef = 1328C2E42BD6927C003C4B3A /* fxCG.cpp */; };
		1328C2E92BD6B967003C4B3A /* key.cpp in Sources */ = {isa = PBXBuildFile; fileRef = 1328C2E72BD6B967003C4B3A /* key.cpp */; };
		1328C2EC2BD6F718003C4B3A /* font.cpp in Sources */ = {isa = PBXBuildFile; fileRef = 1328C2EA2BD6F718003C4B3A /* font.cpp */; };
		13919EA529A46B96008277AA /* AppDelegate.swift in Sources */ = {isa = PBXBuildFile; fileRef = 13919EA429A46B96008277AA /* AppDelegate.swift */; };
		13919EAB29A46B96008277AA /* GameScene.swift in Sources */ = {isa = PBXBuildFile; fileRef = 13919EAA29A46B96008277AA /* GameScene.swift */; };
		13919EAD29A46B96008277AA /* ViewController.swift in Sources */ = {isa = PBXBuildFile; fileRef = 13919EAC29A46B96008277AA /* ViewController.swift */; };
		13919EAF29A46B99008277AA /* Assets.xcassets in Resources */ = {isa = PBXBuildFile; fileRef = 13919EAE29A46B99008277AA /* Assets.xcassets */; };
		13919EB229A46B99008277AA /* Main.storyboard in Resources */ = {isa = PBXBuildFile; fileRef = 13919EB029A46B99008277AA /* Main.storyboard */; };
		13AB06F729A9A2B000183128 /* fx-CGDisplayNode.swift in Sources */ = {isa = PBXBuildFile; fileRef = 13AB06F629A9A2B000183128 /* fx-CGDisplayNode.swift */; };
		13AB06FB29AA2E3100183128 /* keyboard.c in Sources */ = {isa = PBXBuildFile; fileRef = 13AB06FA29AA2E3100183128 /* keyboard.c */; };
		13AB06FD29AA30EE00183128 /* display.c in Sources */ = {isa = PBXBuildFile; fileRef = 13AB06FC29AA30EE00183128 /* display.c */; };
		13AB070229AA3C2A00183128 /* main.cpp in Sources */ = {isa = PBXBuildFile; fileRef = 13F591892949671200A35F54 /* main.cpp */; };
		13AB070429AA3C5C00183128 /* system.c in Sources */ = {isa = PBXBuildFile; fileRef = 13AB070329AA3C5C00183128 /* system.c */; };
		13AB070729AA7D0F00183128 /* fx-CG.fsh in Resources */ = {isa = PBXBuildFile; fileRef = 13AB070629AA7D0F00183128 /* fx-CG.fsh */; };
		13AB070929AA7E0600183128 /* ShaderKitExtensions.swift in Sources */ = {isa = PBXBuildFile; fileRef = 13AB070829AA7E0600183128 /* ShaderKitExtensions.swift */; };
		13AB070B29AD764800183128 /* file.c in Sources */ = {isa = PBXBuildFile; fileRef = 13AB070A29AD764800183128 /* file.c */; };
		13D0D1D42BB4A1F3000564C1 /* fx-CG.c in Sources */ = {isa = PBXBuildFile; fileRef = 13D0D1D32BB4A1F3000564C1 /* fx-CG.c */; };
/* End PBXBuildFile section */

/* Begin PBXFileReference section */
		1328C28D2BC9E5FB003C4B3A /* GFXFont.h */ = {isa = PBXFileReference; lastKnownFileType = sourcecode.c.h; path = GFXFont.h; sourceTree = "<group>"; };
		1328C2AE2BD0A06C003C4B3A /* fxCG50_10pt0xE5XX.h */ = {isa = PBXFileReference; lastKnownFileType = sourcecode.c.h; path = fxCG50_10pt0xE5XX.h; sourceTree = "<group>"; };
		1328C2AF2BD0A06C003C4B3A /* fxCG50_18pt0x7FXX.h */ = {isa = PBXFileReference; lastKnownFileType = sourcecode.c.h; path = fxCG50_18pt0x7FXX.h; sourceTree = "<group>"; };
		1328C2B02BD0A06C003C4B3A /* fxCG50_18pt0xE6XX.h */ = {isa = PBXFileReference; lastKnownFileType = sourcecode.c.h; path = fxCG50_18pt0xE6XX.h; sourceTree = "<group>"; };
		1328C2B12BD0A06C003C4B3A /* fxCG50_24pt0xE6XX.h */ = {isa = PBXFileReference; lastKnownFileType = sourcecode.c.h; path = fxCG50_24pt0xE6XX.h; sourceTree = "<group>"; };
		1328C2B22BD0A06C003C4B3A /* fxCG50_16pt0xXX.h */ = {isa = PBXFileReference; lastKnownFileType = sourcecode.c.h; path = fxCG50_16pt0xXX.h; sourceTree = "<group>"; };
		1328C2B32BD0A06C003C4B3A /* fxCG50_16pt0xE5XX.h */ = {isa = PBXFileReference; lastKnownFileType = sourcecode.c.h; path = fxCG50_16pt0xE5XX.h; sourceTree = "<group>"; };
		1328C2B42BD0A06C003C4B3A /* fxCG50_10pt0xXX.h */ = {isa = PBXFileReference; lastKnownFileType = sourcecode.c.h; path = fxCG50_10pt0xXX.h; sourceTree = "<group>"; };
		1328C2B52BD0A06D003C4B3A /* fxCG50_16pt0xE6XX.h */ = {isa = PBXFileReference; lastKnownFileType = sourcecode.c.h; path = fxCG50_16pt0xE6XX.h; sourceTree = "<group>"; };
		1328C2B62BD0A06D003C4B3A /* fxCG50_10pt0x7FXX.h */ = {isa = PBXFileReference; lastKnownFileType = sourcecode.c.h; path = fxCG50_10pt0x7FXX.h; sourceTree = "<group>"; };
		1328C2B72BD0A06D003C4B3A /* fxCG50_10pt0xE6XX.h */ = {isa = PBXFileReference; lastKnownFileType = sourcecode.c.h; path = fxCG50_10pt0xE6XX.h; sourceTree = "<group>"; };
		1328C2B82BD0A06D003C4B3A /* fxCG50_18pt0xXX.h */ = {isa = PBXFileReference; lastKnownFileType = sourcecode.c.h; path = fxCG50_18pt0xXX.h; sourceTree = "<group>"; };
		1328C2B92BD0A06D003C4B3A /* fxCG50_24pt0x7FXX.h */ = {isa = PBXFileReference; lastKnownFileType = sourcecode.c.h; path = fxCG50_24pt0x7FXX.h; sourceTree = "<group>"; };
		1328C2BA2BD0A06D003C4B3A /* fxCG50_18pt0xE5XX.h */ = {isa = PBXFileReference; lastKnownFileType = sourcecode.c.h; path = fxCG50_18pt0xE5XX.h; sourceTree = "<group>"; };
		1328C2BB2BD0A06D003C4B3A /* fxCG50_24pt0xXX.h */ = {isa = PBXFileReference; lastKnownFileType = sourcecode.c.h; path = fxCG50_24pt0xXX.h; sourceTree = "<group>"; };
		1328C2BC2BD0A06D003C4B3A /* fxCG50_24pt0xE5XX.h */ = {isa = PBXFileReference; lastKnownFileType = sourcecode.c.h; path = fxCG50_24pt0xE5XX.h; sourceTree = "<group>"; };
		1328C2BD2BD0A07C003C4B3A /* GFXFont.c */ = {isa = PBXFileReference; fileEncoding = 4; lastKnownFileType = sourcecode.c.c; path = GFXFont.c; sourceTree = "<group>"; };
		1328C2E12BD6925E003C4B3A /* draw.cpp */ = {isa = PBXFileReference; lastKnownFileType = sourcecode.cpp.cpp; path = draw.cpp; sourceTree = "<group>"; };
		1328C2E22BD6925E003C4B3A /* draw.hpp */ = {isa = PBXFileReference; lastKnownFileType = sourcecode.cpp.h; path = draw.hpp; sourceTree = "<group>"; };
		1328C2E42BD6927C003C4B3A /* fxCG.cpp */ = {isa = PBXFileReference; lastKnownFileType = sourcecode.cpp.cpp; path = fxCG.cpp; sourceTree = "<group>"; };
		1328C2E52BD6927C003C4B3A /* fxCG.hpp */ = {isa = PBXFileReference; lastKnownFileType = sourcecode.cpp.h; path = fxCG.hpp; sourceTree = "<group>"; };
		1328C2E72BD6B967003C4B3A /* key.cpp */ = {isa = PBXFileReference; lastKnownFileType = sourcecode.cpp.cpp; path = key.cpp; sourceTree = "<group>"; };
		1328C2E82BD6B967003C4B3A /* key.hpp */ = {isa = PBXFileReference; lastKnownFileType = sourcecode.cpp.h; path = key.hpp; sourceTree = "<group>"; };
		1328C2EA2BD6F718003C4B3A /* font.cpp */ = {isa = PBXFileReference; lastKnownFileType = sourcecode.cpp.cpp; path = font.cpp; sourceTree = "<group>"; };
		1328C2EB2BD6F718003C4B3A /* font.hpp */ = {isa = PBXFileReference; lastKnownFileType = sourcecode.cpp.h; path = font.hpp; sourceTree = "<group>"; };
		1328C2ED2BD6FC41003C4B3A /* C437.h */ = {isa = PBXFileReference; lastKnownFileType = sourcecode.c.h; path = C437.h; sourceTree = "<group>"; };
		13919DEB29A2D850008277AA /* CoreGraphics.framework */ = {isa = PBXFileReference; lastKnownFileType = wrapper.framework; name = CoreGraphics.framework; path = System/Library/Frameworks/CoreGraphics.framework; sourceTree = SDKROOT; };
		13919DF229A2F26B008277AA /* fx-CG.h */ = {isa = PBXFileReference; lastKnownFileType = sourcecode.c.h; path = "fx-CG.h"; sourceTree = "<group>"; };
		13919EA229A46B96008277AA /* fx-CG macOS.app */ = {isa = PBXFileReference; explicitFileType = wrapper.application; includeInIndex = 0; path = "fx-CG macOS.app"; sourceTree = BUILT_PRODUCTS_DIR; };
		13919EA429A46B96008277AA /* AppDelegate.swift */ = {isa = PBXFileReference; lastKnownFileType = sourcecode.swift; path = AppDelegate.swift; sourceTree = "<group>"; };
		13919EAA29A46B96008277AA /* GameScene.swift */ = {isa = PBXFileReference; lastKnownFileType = sourcecode.swift; path = GameScene.swift; sourceTree = "<group>"; };
		13919EAC29A46B96008277AA /* ViewController.swift */ = {isa = PBXFileReference; lastKnownFileType = sourcecode.swift; path = ViewController.swift; sourceTree = "<group>"; };
		13919EAE29A46B99008277AA /* Assets.xcassets */ = {isa = PBXFileReference; lastKnownFileType = folder.assetcatalog; path = Assets.xcassets; sourceTree = "<group>"; };
		13919EB129A46B99008277AA /* Base */ = {isa = PBXFileReference; lastKnownFileType = file.storyboard; name = Base; path = Base.lproj/Main.storyboard; sourceTree = "<group>"; };
		13919EB329A46B99008277AA /* fx-CG macOS.entitlements */ = {isa = PBXFileReference; lastKnownFileType = text.plist.entitlements; path = "fx-CG macOS.entitlements"; sourceTree = "<group>"; };
		139CE24F2BBA11E8006ED37C /* version.txt */ = {isa = PBXFileReference; lastKnownFileType = text; path = version.txt; sourceTree = "<group>"; };
		139CE25B2BBB4A3F006ED37C /* Icon~sel.png */ = {isa = PBXFileReference; lastKnownFileType = image.png; path = "Icon~sel.png"; sourceTree = "<group>"; };
		139CE25C2BBB4A3F006ED37C /* Icon~uns.png */ = {isa = PBXFileReference; lastKnownFileType = image.png; path = "Icon~uns.png"; sourceTree = "<group>"; };
		139CE2692BBB7DBE006ED37C /* Example.g3a */ = {isa = PBXFileReference; lastKnownFileType = file; path = Example.g3a; sourceTree = "<group>"; };
		13AB06F229A9A23300183128 /* fx-CG macOS-Bridging-Header.h */ = {isa = PBXFileReference; lastKnownFileType = sourcecode.c.h; path = "fx-CG macOS-Bridging-Header.h"; sourceTree = "<group>"; };
		13AB06F629A9A2B000183128 /* fx-CGDisplayNode.swift */ = {isa = PBXFileReference; fileEncoding = 4; lastKnownFileType = sourcecode.swift; path = "fx-CGDisplayNode.swift"; sourceTree = "<group>"; };
		13AB06FA29AA2E3100183128 /* keyboard.c */ = {isa = PBXFileReference; lastKnownFileType = sourcecode.c.c; path = keyboard.c; sourceTree = "<group>"; };
		13AB06FC29AA30EE00183128 /* display.c */ = {isa = PBXFileReference; lastKnownFileType = sourcecode.c.c; path = display.c; sourceTree = "<group>"; };
		13AB070329AA3C5C00183128 /* system.c */ = {isa = PBXFileReference; lastKnownFileType = sourcecode.c.c; path = system.c; sourceTree = "<group>"; };
		13AB070629AA7D0F00183128 /* fx-CG.fsh */ = {isa = PBXFileReference; fileEncoding = 4; lastKnownFileType = sourcecode.glsl; path = "fx-CG.fsh"; sourceTree = "<group>"; };
		13AB070829AA7E0600183128 /* ShaderKitExtensions.swift */ = {isa = PBXFileReference; fileEncoding = 4; lastKnownFileType = sourcecode.swift; path = ShaderKitExtensions.swift; sourceTree = "<group>"; };
		13AB070A29AD764800183128 /* file.c */ = {isa = PBXFileReference; lastKnownFileType = sourcecode.c.c; path = file.c; sourceTree = "<group>"; };
		13D0D1D32BB4A1F3000564C1 /* fx-CG.c */ = {isa = PBXFileReference; lastKnownFileType = sourcecode.c.c; path = "fx-CG.c"; sourceTree = "<group>"; };
		13F591892949671200A35F54 /* main.cpp */ = {isa = PBXFileReference; lastKnownFileType = sourcecode.cpp.cpp; path = main.cpp; sourceTree = "<group>"; };
		13F5919A29496C6300A35F54 /* Makefile */ = {isa = PBXFileReference; lastKnownFileType = sourcecode.make; path = Makefile; sourceTree = "<group>"; };
/* End PBXFileReference section */

/* Begin PBXFrameworksBuildPhase section */
		13919E9F29A46B96008277AA /* Frameworks */ = {
			isa = PBXFrameworksBuildPhase;
			buildActionMask = 2147483647;
			files = (
			);
			runOnlyForDeploymentPostprocessing = 0;
		};
/* End PBXFrameworksBuildPhase section */

/* Begin PBXGroup section */
		1328C2E02BD69241003C4B3A /* fxCG */ = {
			isa = PBXGroup;
			children = (
				1328C2E12BD6925E003C4B3A /* draw.cpp */,
				1328C2E22BD6925E003C4B3A /* draw.hpp */,
				1328C2E42BD6927C003C4B3A /* fxCG.cpp */,
				1328C2E52BD6927C003C4B3A /* fxCG.hpp */,
				1328C2E72BD6B967003C4B3A /* key.cpp */,
				1328C2E82BD6B967003C4B3A /* key.hpp */,
				1328C2EA2BD6F718003C4B3A /* font.cpp */,
				1328C2EB2BD6F718003C4B3A /* font.hpp */,
			);
			name = fxCG;
			sourceTree = "<group>";
		};
		13919DD929A2D0AE008277AA /* Products */ = {
			isa = PBXGroup;
			children = (
				13919EA229A46B96008277AA /* fx-CG macOS.app */,
			);
			name = Products;
			sourceTree = "<group>";
		};
		13919DEA29A2D850008277AA /* Frameworks */ = {
			isa = PBXGroup;
			children = (
				13919DEB29A2D850008277AA /* CoreGraphics.framework */,
			);
			name = Frameworks;
			sourceTree = "<group>";
		};
		139CE25D2BBB4A3F006ED37C /* Icon */ = {
			isa = PBXGroup;
			children = (
				139CE25B2BBB4A3F006ED37C /* Icon~sel.png */,
				139CE25C2BBB4A3F006ED37C /* Icon~uns.png */,
			);
			path = Icon;
			sourceTree = "<group>";
		};
		13D0D1CA2BB37351000564C1 /* macOS */ = {
			isa = PBXGroup;
			children = (
				13D0D1CD2BB3747B000564C1 /* fx-CG */,
				13D0D1CB2BB37447000564C1 /* Resources */,
				13AB06F629A9A2B000183128 /* fx-CGDisplayNode.swift */,
				13AB070829AA7E0600183128 /* ShaderKitExtensions.swift */,
				13919EA429A46B96008277AA /* AppDelegate.swift */,
				13919EAA29A46B96008277AA /* GameScene.swift */,
				13919EAC29A46B96008277AA /* ViewController.swift */,
				13919EAE29A46B99008277AA /* Assets.xcassets */,
				13AB070629AA7D0F00183128 /* fx-CG.fsh */,
				13919EB029A46B99008277AA /* Main.storyboard */,
				13919EB329A46B99008277AA /* fx-CG macOS.entitlements */,
				13AB06F229A9A23300183128 /* fx-CG macOS-Bridging-Header.h */,
			);
			name = macOS;
			path = ../../macOS;
			sourceTree = "<group>";
		};
		13D0D1CB2BB37447000564C1 /* Resources */ = {
			isa = PBXGroup;
			children = (
			);
			path = Resources;
			sourceTree = "<group>";
		};
		13D0D1CD2BB3747B000564C1 /* fx-CG */ = {
			isa = PBXGroup;
			children = (
				13D0D1D02BB37B8B000564C1 /* include */,
				13D0D1D32BB4A1F3000564C1 /* fx-CG.c */,
				1328C2BD2BD0A07C003C4B3A /* GFXFont.c */,
				13AB06FA29AA2E3100183128 /* keyboard.c */,
				13AB06FC29AA30EE00183128 /* display.c */,
				13AB070329AA3C5C00183128 /* system.c */,
				13AB070A29AD764800183128 /* file.c */,
			);
			path = "fx-CG";
			sourceTree = "<group>";
		};
		13D0D1D02BB37B8B000564C1 /* include */ = {
			isa = PBXGroup;
			children = (
				13919DF229A2F26B008277AA /* fx-CG.h */,
				1328C28D2BC9E5FB003C4B3A /* GFXFont.h */,
				1328C2B62BD0A06D003C4B3A /* fxCG50_10pt0x7FXX.h */,
				1328C2AE2BD0A06C003C4B3A /* fxCG50_10pt0xE5XX.h */,
				1328C2B72BD0A06D003C4B3A /* fxCG50_10pt0xE6XX.h */,
				1328C2B42BD0A06C003C4B3A /* fxCG50_10pt0xXX.h */,
				1328C2B32BD0A06C003C4B3A /* fxCG50_16pt0xE5XX.h */,
				1328C2B52BD0A06D003C4B3A /* fxCG50_16pt0xE6XX.h */,
				1328C2B22BD0A06C003C4B3A /* fxCG50_16pt0xXX.h */,
				1328C2AF2BD0A06C003C4B3A /* fxCG50_18pt0x7FXX.h */,
				1328C2BA2BD0A06D003C4B3A /* fxCG50_18pt0xE5XX.h */,
				1328C2B02BD0A06C003C4B3A /* fxCG50_18pt0xE6XX.h */,
				1328C2B82BD0A06D003C4B3A /* fxCG50_18pt0xXX.h */,
				1328C2B92BD0A06D003C4B3A /* fxCG50_24pt0x7FXX.h */,
				1328C2BC2BD0A06D003C4B3A /* fxCG50_24pt0xE5XX.h */,
				1328C2B12BD0A06C003C4B3A /* fxCG50_24pt0xE6XX.h */,
				1328C2BB2BD0A06D003C4B3A /* fxCG50_24pt0xXX.h */,
			);
			name = include;
			sourceTree = "<group>";
		};
		13F5917E294966AE00A35F54 = {
			isa = PBXGroup;
			children = (
				139CE24F2BBA11E8006ED37C /* version.txt */,
				13D0D1CA2BB37351000564C1 /* macOS */,
				139CE25D2BBB4A3F006ED37C /* Icon */,
				13F591982949693B00A35F54 /* src */,
				13F5919A29496C6300A35F54 /* Makefile */,
				139CE2692BBB7DBE006ED37C /* Example.g3a */,
				13919DD929A2D0AE008277AA /* Products */,
				13919DEA29A2D850008277AA /* Frameworks */,
			);
			sourceTree = "<group>";
		};
		13F591982949693B00A35F54 /* src */ = {
			isa = PBXGroup;
			children = (
				1328C2ED2BD6FC41003C4B3A /* C437.h */,
				1328C2E02BD69241003C4B3A /* fxCG */,
				13F591892949671200A35F54 /* main.cpp */,
			);
			path = src;
			sourceTree = "<group>";
		};
/* End PBXGroup section */

/* Begin PBXLegacyTarget section */
		13F59183294966AE00A35F54 /* fx-CG CASIO */ = {
			isa = PBXLegacyTarget;
			buildArgumentsString = "$(ACTION)";
			buildConfigurationList = 13F59186294966AE00A35F54 /* Build configuration list for PBXLegacyTarget "fx-CG CASIO" */;
			buildPhases = (
			);
			buildToolPath = "$(PROJECT_DIR)/.build.sh";
			buildWorkingDirectory = "$(PROJECT_DIR)";
			dependencies = (
			);
			name = "fx-CG CASIO";
			passBuildSettingsInEnvironment = 1;
			productName = "fx-CG";
		};
/* End PBXLegacyTarget section */

/* Begin PBXNativeTarget section */
		13919EA129A46B96008277AA /* fx-CG macOS */ = {
			isa = PBXNativeTarget;
			buildConfigurationList = 13919EB429A46B99008277AA /* Build configuration list for PBXNativeTarget "fx-CG macOS" */;
			buildPhases = (
				13919E9E29A46B96008277AA /* Sources */,
				13919E9F29A46B96008277AA /* Frameworks */,
				13919EA029A46B96008277AA /* Resources */,
			);
			buildRules = (
			);
			dependencies = (
			);
			name = "fx-CG macOS";
			productName = "fx-CG macOS";
			productReference = 13919EA229A46B96008277AA /* fx-CG macOS.app */;
			productType = "com.apple.product-type.application";
		};
/* End PBXNativeTarget section */

/* Begin PBXProject section */
		13F5917F294966AE00A35F54 /* Project object */ = {
			isa = PBXProject;
			attributes = {
				BuildIndependentTargetsInParallel = 1;
				LastSwiftUpdateCheck = 1420;
				LastUpgradeCheck = 1530;
				TargetAttributes = {
					13919EA129A46B96008277AA = {
						CreatedOnToolsVersion = 14.2;
						LastSwiftMigration = 1420;
					};
					13F59183294966AE00A35F54 = {
						CreatedOnToolsVersion = 14.1;
					};
				};
			};
			buildConfigurationList = 13F59182294966AE00A35F54 /* Build configuration list for PBXProject "fx-CG Project" */;
			compatibilityVersion = "Xcode 14.0";
			developmentRegion = en;
			hasScannedForEncodings = 0;
			knownRegions = (
				en,
				Base,
			);
			mainGroup = 13F5917E294966AE00A35F54;
			productRefGroup = 13919DD929A2D0AE008277AA /* Products */;
			projectDirPath = "";
			projectRoot = "";
			targets = (
				13F59183294966AE00A35F54 /* fx-CG CASIO */,
				13919EA129A46B96008277AA /* fx-CG macOS */,
			);
		};
/* End PBXProject section */

/* Begin PBXResourcesBuildPhase section */
		13919EA029A46B96008277AA /* Resources */ = {
			isa = PBXResourcesBuildPhase;
			buildActionMask = 2147483647;
			files = (
				13AB070729AA7D0F00183128 /* fx-CG.fsh in Resources */,
				13919EAF29A46B99008277AA /* Assets.xcassets in Resources */,
				13919EB229A46B99008277AA /* Main.storyboard in Resources */,
			);
			runOnlyForDeploymentPostprocessing = 0;
		};
/* End PBXResourcesBuildPhase section */

/* Begin PBXSourcesBuildPhase section */
		13919E9E29A46B96008277AA /* Sources */ = {
			isa = PBXSourcesBuildPhase;
			buildActionMask = 2147483647;
			files = (
				13AB070B29AD764800183128 /* file.c in Sources */,
				1328C2E92BD6B967003C4B3A /* key.cpp in Sources */,
				13AB06FD29AA30EE00183128 /* display.c in Sources */,
				13919EAD29A46B96008277AA /* ViewController.swift in Sources */,
				1328C2E32BD6925E003C4B3A /* draw.cpp in Sources */,
				13AB070929AA7E0600183128 /* ShaderKitExtensions.swift in Sources */,
				13AB06FB29AA2E3100183128 /* keyboard.c in Sources */,
				13919EAB29A46B96008277AA /* GameScene.swift in Sources */,
				1328C2EC2BD6F718003C4B3A /* font.cpp in Sources */,
				1328C2E62BD6927C003C4B3A /* fxCG.cpp in Sources */,
				13AB070229AA3C2A00183128 /* main.cpp in Sources */,
				13AB06F729A9A2B000183128 /* fx-CGDisplayNode.swift in Sources */,
				13AB070429AA3C5C00183128 /* system.c in Sources */,
				13919EA529A46B96008277AA /* AppDelegate.swift in Sources */,
				13D0D1D42BB4A1F3000564C1 /* fx-CG.c in Sources */,
			);
			runOnlyForDeploymentPostprocessing = 0;
		};
/* End PBXSourcesBuildPhase section */

/* Begin PBXVariantGroup section */
		13919EB029A46B99008277AA /* Main.storyboard */ = {
			isa = PBXVariantGroup;
			children = (
				13919EB129A46B99008277AA /* Base */,
			);
			name = Main.storyboard;
			sourceTree = "<group>";
		};
/* End PBXVariantGroup section */

/* Begin XCBuildConfiguration section */
		13919EB529A46B99008277AA /* Debug */ = {
			isa = XCBuildConfiguration;
			buildSettings = {
				ASSETCATALOG_COMPILER_APPICON_NAME = AppIcon;
				ASSETCATALOG_COMPILER_GLOBAL_ACCENT_COLOR_NAME = AccentColor;
				CLANG_ENABLE_MODULES = YES;
				CODE_SIGN_ENTITLEMENTS = "../../macOS/fx-CG macOS.entitlements";
				"CODE_SIGN_IDENTITY[sdk=macosx*]" = "-";
				CODE_SIGN_STYLE = Automatic;
				COMBINE_HIDPI_IMAGES = YES;
				CURRENT_PROJECT_VERSION = 1;
				DEVELOPMENT_TEAM = "";
				ENABLE_HARDENED_RUNTIME = YES;
				GENERATE_INFOPLIST_FILE = YES;
				HEADER_SEARCH_PATHS = "";
				INFOPLIST_KEY_NSHumanReadableCopyright = "";
				INFOPLIST_KEY_NSMainStoryboardFile = Main;
				INFOPLIST_KEY_NSPrincipalClass = NSApplication;
				LD_RUNPATH_SEARCH_PATHS = (
					"$(inherited)",
					"@executable_path/../Frameworks",
				);
				MACOSX_DEPLOYMENT_TARGET = 13.1;
				MARKETING_VERSION = 1.0;
				PRODUCT_BUNDLE_IDENTIFIER = "uk.insoft.fx-CG-macOS";
				PRODUCT_NAME = "$(TARGET_NAME)";
				SDKROOT = macosx;
				SWIFT_ACTIVE_COMPILATION_CONDITIONS = DEBUG;
				SWIFT_EMIT_LOC_STRINGS = YES;
				SWIFT_OBJC_BRIDGING_HEADER = "../../macOS/fx-CG macOS-Bridging-Header.h";
				SWIFT_OPTIMIZATION_LEVEL = "-Onone";
				SWIFT_VERSION = 5.0;
				USER_HEADER_SEARCH_PATHS = /Applications/Prizm/include/;
			};
			name = Debug;
		};
		13919EB629A46B99008277AA /* Release */ = {
			isa = XCBuildConfiguration;
			buildSettings = {
				ASSETCATALOG_COMPILER_APPICON_NAME = AppIcon;
				ASSETCATALOG_COMPILER_GLOBAL_ACCENT_COLOR_NAME = AccentColor;
				CLANG_ENABLE_MODULES = YES;
				CODE_SIGN_ENTITLEMENTS = "../../macOS/fx-CG macOS.entitlements";
				"CODE_SIGN_IDENTITY[sdk=macosx*]" = "-";
				CODE_SIGN_STYLE = Automatic;
				COMBINE_HIDPI_IMAGES = YES;
				CURRENT_PROJECT_VERSION = 1;
				DEVELOPMENT_TEAM = "";
				ENABLE_HARDENED_RUNTIME = YES;
				GENERATE_INFOPLIST_FILE = YES;
				HEADER_SEARCH_PATHS = "";
				INFOPLIST_KEY_NSHumanReadableCopyright = "";
				INFOPLIST_KEY_NSMainStoryboardFile = Main;
				INFOPLIST_KEY_NSPrincipalClass = NSApplication;
				LD_RUNPATH_SEARCH_PATHS = (
					"$(inherited)",
					"@executable_path/../Frameworks",
				);
				MACOSX_DEPLOYMENT_TARGET = 13.1;
				MARKETING_VERSION = 1.0;
				PRODUCT_BUNDLE_IDENTIFIER = "uk.insoft.fx-CG-macOS";
				PRODUCT_NAME = "$(TARGET_NAME)";
				SDKROOT = macosx;
				SWIFT_COMPILATION_MODE = wholemodule;
				SWIFT_EMIT_LOC_STRINGS = YES;
				SWIFT_OBJC_BRIDGING_HEADER = "../../macOS/fx-CG macOS-Bridging-Header.h";
				SWIFT_OPTIMIZATION_LEVEL = "-O";
				SWIFT_VERSION = 5.0;
				USER_HEADER_SEARCH_PATHS = /Applications/Prizm/include/;
			};
			name = Release;
		};
		13F59184294966AE00A35F54 /* Debug */ = {
			isa = XCBuildConfiguration;
			buildSettings = {
				ALWAYS_SEARCH_USER_PATHS = NO;
				CLANG_ANALYZER_NONNULL = YES;
				CLANG_ANALYZER_NUMBER_OBJECT_CONVERSION = YES_AGGRESSIVE;
				CLANG_CXX_LANGUAGE_STANDARD = "gnu++20";
				CLANG_ENABLE_MODULES = YES;
				CLANG_ENABLE_OBJC_ARC = YES;
				CLANG_ENABLE_OBJC_WEAK = YES;
				CLANG_WARN_BLOCK_CAPTURE_AUTORELEASING = YES;
				CLANG_WARN_BOOL_CONVERSION = YES;
				CLANG_WARN_COMMA = YES;
				CLANG_WARN_CONSTANT_CONVERSION = YES;
				CLANG_WARN_DEPRECATED_OBJC_IMPLEMENTATIONS = YES;
				CLANG_WARN_DIRECT_OBJC_ISA_USAGE = YES_ERROR;
				CLANG_WARN_DOCUMENTATION_COMMENTS = YES;
				CLANG_WARN_EMPTY_BODY = YES;
				CLANG_WARN_ENUM_CONVERSION = YES;
				CLANG_WARN_INFINITE_RECURSION = YES;
				CLANG_WARN_INT_CONVERSION = YES;
				CLANG_WARN_NON_LITERAL_NULL_CONVERSION = YES;
				CLANG_WARN_OBJC_IMPLICIT_RETAIN_SELF = YES;
				CLANG_WARN_OBJC_LITERAL_CONVERSION = YES;
				CLANG_WARN_OBJC_ROOT_CLASS = YES_ERROR;
				CLANG_WARN_QUOTED_INCLUDE_IN_FRAMEWORK_HEADER = YES;
				CLANG_WARN_RANGE_LOOP_ANALYSIS = YES;
				CLANG_WARN_STRICT_PROTOTYPES = YES;
				CLANG_WARN_SUSPICIOUS_MOVE = YES;
				CLANG_WARN_UNGUARDED_AVAILABILITY = YES_AGGRESSIVE;
				CLANG_WARN_UNREACHABLE_CODE = YES;
				CLANG_WARN__DUPLICATE_METHOD_MATCH = YES;
				COPY_PHASE_STRIP = NO;
				DEAD_CODE_STRIPPING = YES;
				DEBUG_INFORMATION_FORMAT = dwarf;
				ENABLE_STRICT_OBJC_MSGSEND = YES;
				ENABLE_TESTABILITY = YES;
				GCC_C_LANGUAGE_STANDARD = gnu11;
				GCC_DYNAMIC_NO_PIC = NO;
				GCC_NO_COMMON_BLOCKS = YES;
				GCC_OPTIMIZATION_LEVEL = 0;
				GCC_PREPROCESSOR_DEFINITIONS = (
					"DEBUG=1",
					"$(inherited)",
				);
				GCC_WARN_64_TO_32_BIT_CONVERSION = YES;
				GCC_WARN_ABOUT_RETURN_TYPE = YES_ERROR;
				GCC_WARN_UNDECLARED_SELECTOR = YES;
				GCC_WARN_UNINITIALIZED_AUTOS = YES_AGGRESSIVE;
				GCC_WARN_UNUSED_FUNCTION = YES;
				GCC_WARN_UNUSED_VARIABLE = YES;
				MTL_ENABLE_DEBUG_INFO = INCLUDE_SOURCE;
				MTL_FAST_MATH = YES;
				ONLY_ACTIVE_ARCH = YES;
			};
			name = Debug;
		};
		13F59185294966AE00A35F54 /* Release */ = {
			isa = XCBuildConfiguration;
			buildSettings = {
				ALWAYS_SEARCH_USER_PATHS = NO;
				CLANG_ANALYZER_NONNULL = YES;
				CLANG_ANALYZER_NUMBER_OBJECT_CONVERSION = YES_AGGRESSIVE;
				CLANG_CXX_LANGUAGE_STANDARD = "gnu++20";
				CLANG_ENABLE_MODULES = YES;
				CLANG_ENABLE_OBJC_ARC = YES;
				CLANG_ENABLE_OBJC_WEAK = YES;
				CLANG_WARN_BLOCK_CAPTURE_AUTORELEASING = YES;
				CLANG_WARN_BOOL_CONVERSION = YES;
				CLANG_WARN_COMMA = YES;
				CLANG_WARN_CONSTANT_CONVERSION = YES;
				CLANG_WARN_DEPRECATED_OBJC_IMPLEMENTATIONS = YES;
				CLANG_WARN_DIRECT_OBJC_ISA_USAGE = YES_ERROR;
				CLANG_WARN_DOCUMENTATION_COMMENTS = YES;
				CLANG_WARN_EMPTY_BODY = YES;
				CLANG_WARN_ENUM_CONVERSION = YES;
				CLANG_WARN_INFINITE_RECURSION = YES;
				CLANG_WARN_INT_CONVERSION = YES;
				CLANG_WARN_NON_LITERAL_NULL_CONVERSION = YES;
				CLANG_WARN_OBJC_IMPLICIT_RETAIN_SELF = YES;
				CLANG_WARN_OBJC_LITERAL_CONVERSION = YES;
				CLANG_WARN_OBJC_ROOT_CLASS = YES_ERROR;
				CLANG_WARN_QUOTED_INCLUDE_IN_FRAMEWORK_HEADER = YES;
				CLANG_WARN_RANGE_LOOP_ANALYSIS = YES;
				CLANG_WARN_STRICT_PROTOTYPES = YES;
				CLANG_WARN_SUSPICIOUS_MOVE = YES;
				CLANG_WARN_UNGUARDED_AVAILABILITY = YES_AGGRESSIVE;
				CLANG_WARN_UNREACHABLE_CODE = YES;
				CLANG_WARN__DUPLICATE_METHOD_MATCH = YES;
				COPY_PHASE_STRIP = NO;
				DEAD_CODE_STRIPPING = YES;
				DEBUG_INFORMATION_FORMAT = "dwarf-with-dsym";
				ENABLE_NS_ASSERTIONS = NO;
				ENABLE_STRICT_OBJC_MSGSEND = YES;
				GCC_C_LANGUAGE_STANDARD = gnu11;
				GCC_NO_COMMON_BLOCKS = YES;
				GCC_WARN_64_TO_32_BIT_CONVERSION = YES;
				GCC_WARN_ABOUT_RETURN_TYPE = YES_ERROR;
				GCC_WARN_UNDECLARED_SELECTOR = YES;
				GCC_WARN_UNINITIALIZED_AUTOS = YES_AGGRESSIVE;
				GCC_WARN_UNUSED_FUNCTION = YES;
				GCC_WARN_UNUSED_VARIABLE = YES;
				MTL_ENABLE_DEBUG_INFO = NO;
				MTL_FAST_MATH = YES;
			};
			name = Release;
		};
		13F59187294966AE00A35F54 /* Debug */ = {
			isa = XCBuildConfiguration;
			buildSettings = {
				CODE_SIGN_STYLE = Automatic;
				DEAD_CODE_STRIPPING = YES;
				DEBUGGING_SYMBOLS = YES;
				DEBUG_INFORMATION_FORMAT = dwarf;
				GCC_GENERATE_DEBUGGING_SYMBOLS = YES;
				GCC_OPTIMIZATION_LEVEL = 0;
				OTHER_CFLAGS = "";
				OTHER_LDFLAGS = "";
				PRODUCT_NAME = "$(TARGET_NAME)";
			};
			name = Debug;
		};
		13F59188294966AE00A35F54 /* Release */ = {
			isa = XCBuildConfiguration;
			buildSettings = {
				CODE_SIGN_STYLE = Automatic;
				DEAD_CODE_STRIPPING = YES;
				DEBUG_INFORMATION_FORMAT = "dwarf-with-dsym";
				OTHER_CFLAGS = "";
				OTHER_LDFLAGS = "";
				PRODUCT_NAME = "$(TARGET_NAME)";
			};
			name = Release;
		};
/* End XCBuildConfiguration section */

/* Begin XCConfigurationList section */
		13919EB429A46B99008277AA /* Build configuration list for PBXNativeTarget "fx-CG macOS" */ = {
			isa = XCConfigurationList;
			buildConfigurations = (
				13919EB529A46B99008277AA /* Debug */,
				13919EB629A46B99008277AA /* Release */,
			);
			defaultConfigurationIsVisible = 0;
			defaultConfigurationName = Release;
		};
		13F59182294966AE00A35F54 /* Build configuration list for PBXProject "fx-CG Project" */ = {
			isa = XCConfigurationList;
			buildConfigurations = (
				13F59184294966AE00A35F54 /* Debug */,
				13F59185294966AE00A35F54 /* Release */,
			);
			defaultConfigurationIsVisible = 0;
			defaultConfigurationName = Release;
		};
		13F59186294966AE00A35F54 /* Build configuration list for PBXLegacyTarget "fx-CG CASIO" */ = {
			isa = XCConfigurationList;
			buildConfigurations = (
				13F59187294966AE00A35F54 /* Debug */,
				13F59188294966AE00A35F54 /* Release */,
			);
			defaultConfigurationIsVisible = 0;
			defaultConfigurationName = Release;
		};
/* End XCConfigurationList section */
	};
	rootObject = 13F5917F294966AE00A35F54 /* Project object */;
}
